// !$*UTF8*$!
{
	archiveVersion = 1;
	classes = {
	};
	objectVersion = 51;
	objects = {

/* Begin PBXBuildFile section */
		B888F6BB287EC9A54FE9F7A3 /* Pods_ImageFinder_MVC.framework in Frameworks */ = {isa = PBXBuildFile; fileRef = B9A90EEB7104EF6A0AC87EB5 /* Pods_ImageFinder_MVC.framework */; };
		BC25C041267A049700725E29 /* AppDelegate.swift in Sources */ = {isa = PBXBuildFile; fileRef = BC25C040267A049700725E29 /* AppDelegate.swift */; };
		BC25C043267A049700725E29 /* SceneDelegate.swift in Sources */ = {isa = PBXBuildFile; fileRef = BC25C042267A049700725E29 /* SceneDelegate.swift */; };
		BC25C045267A049700725E29 /* FeedViewController.swift in Sources */ = {isa = PBXBuildFile; fileRef = BC25C044267A049700725E29 /* FeedViewController.swift */; };
		BC25C04A267A049900725E29 /* Assets.xcassets in Resources */ = {isa = PBXBuildFile; fileRef = BC25C049267A049900725E29 /* Assets.xcassets */; };
		BC25C04D267A049900725E29 /* LaunchScreen.storyboard in Resources */ = {isa = PBXBuildFile; fileRef = BC25C04B267A049900725E29 /* LaunchScreen.storyboard */; };
		BCB1BD25267CE0AA008607A9 /* UnsplashPhotoPickerConfiguration.swift in Sources */ = {isa = PBXBuildFile; fileRef = BCB1BD24267CE0AA008607A9 /* UnsplashPhotoPickerConfiguration.swift */; };
		BCB1BD29267CE3F6008607A9 /* ImageCache.swift in Sources */ = {isa = PBXBuildFile; fileRef = BCB1BD28267CE3F6008607A9 /* ImageCache.swift */; };
		BCC25B44267B95B000BE00C4 /* Extension.swift in Sources */ = {isa = PBXBuildFile; fileRef = BCC25B43267B95B000BE00C4 /* Extension.swift */; };
		BCC25B47267B96BC00BE00C4 /* TabBarController.swift in Sources */ = {isa = PBXBuildFile; fileRef = BCC25B46267B96BC00BE00C4 /* TabBarController.swift */; };
		BCC25B4B267B9C6E00BE00C4 /* LikedViewController.swift in Sources */ = {isa = PBXBuildFile; fileRef = BCC25B4A267B9C6E00BE00C4 /* LikedViewController.swift */; };
/* End PBXBuildFile section */

/* Begin PBXFileReference section */
		6BD64FB63E2D6083B24393E0 /* Pods-ImageFinder_MVC.debug.xcconfig */ = {isa = PBXFileReference; includeInIndex = 1; lastKnownFileType = text.xcconfig; name = "Pods-ImageFinder_MVC.debug.xcconfig"; path = "Target Support Files/Pods-ImageFinder_MVC/Pods-ImageFinder_MVC.debug.xcconfig"; sourceTree = "<group>"; };
		B9A90EEB7104EF6A0AC87EB5 /* Pods_ImageFinder_MVC.framework */ = {isa = PBXFileReference; explicitFileType = wrapper.framework; includeInIndex = 0; path = Pods_ImageFinder_MVC.framework; sourceTree = BUILT_PRODUCTS_DIR; };
		BC25C03D267A049700725E29 /* ImageFinder_MVC.app */ = {isa = PBXFileReference; explicitFileType = wrapper.application; includeInIndex = 0; path = ImageFinder_MVC.app; sourceTree = BUILT_PRODUCTS_DIR; };
		BC25C040267A049700725E29 /* AppDelegate.swift */ = {isa = PBXFileReference; lastKnownFileType = sourcecode.swift; path = AppDelegate.swift; sourceTree = "<group>"; };
		BC25C042267A049700725E29 /* SceneDelegate.swift */ = {isa = PBXFileReference; lastKnownFileType = sourcecode.swift; path = SceneDelegate.swift; sourceTree = "<group>"; };
		BC25C044267A049700725E29 /* FeedViewController.swift */ = {isa = PBXFileReference; lastKnownFileType = sourcecode.swift; path = FeedViewController.swift; sourceTree = "<group>"; };
		BC25C049267A049900725E29 /* Assets.xcassets */ = {isa = PBXFileReference; lastKnownFileType = folder.assetcatalog; path = Assets.xcassets; sourceTree = "<group>"; };
		BC25C04C267A049900725E29 /* Base */ = {isa = PBXFileReference; lastKnownFileType = file.storyboard; name = Base; path = Base.lproj/LaunchScreen.storyboard; sourceTree = "<group>"; };
		BC25C04E267A049900725E29 /* Info.plist */ = {isa = PBXFileReference; lastKnownFileType = text.plist.xml; path = Info.plist; sourceTree = "<group>"; };
		BCB1BD24267CE0AA008607A9 /* UnsplashPhotoPickerConfiguration.swift */ = {isa = PBXFileReference; lastKnownFileType = sourcecode.swift; path = UnsplashPhotoPickerConfiguration.swift; sourceTree = "<group>"; };
		BCB1BD28267CE3F6008607A9 /* ImageCache.swift */ = {isa = PBXFileReference; lastKnownFileType = sourcecode.swift; path = ImageCache.swift; sourceTree = "<group>"; };
		BCC25B43267B95B000BE00C4 /* Extension.swift */ = {isa = PBXFileReference; lastKnownFileType = sourcecode.swift; path = Extension.swift; sourceTree = "<group>"; };
		BCC25B46267B96BC00BE00C4 /* TabBarController.swift */ = {isa = PBXFileReference; lastKnownFileType = sourcecode.swift; path = TabBarController.swift; sourceTree = "<group>"; };
		BCC25B4A267B9C6E00BE00C4 /* LikedViewController.swift */ = {isa = PBXFileReference; lastKnownFileType = sourcecode.swift; path = LikedViewController.swift; sourceTree = "<group>"; };
		CAA7A00C7D8583537EA10CC8 /* Pods-ImageFinder_MVC.release.xcconfig */ = {isa = PBXFileReference; includeInIndex = 1; lastKnownFileType = text.xcconfig; name = "Pods-ImageFinder_MVC.release.xcconfig"; path = "Target Support Files/Pods-ImageFinder_MVC/Pods-ImageFinder_MVC.release.xcconfig"; sourceTree = "<group>"; };
/* End PBXFileReference section */

/* Begin PBXFrameworksBuildPhase section */
		BC25C03A267A049700725E29 /* Frameworks */ = {
			isa = PBXFrameworksBuildPhase;
			buildActionMask = 2147483647;
			files = (
				B888F6BB287EC9A54FE9F7A3 /* Pods_ImageFinder_MVC.framework in Frameworks */,
			);
			runOnlyForDeploymentPostprocessing = 0;
		};
/* End PBXFrameworksBuildPhase section */

/* Begin PBXGroup section */
		497BFC9B77159EFF1793B94B /* Pods */ = {
			isa = PBXGroup;
			children = (
				6BD64FB63E2D6083B24393E0 /* Pods-ImageFinder_MVC.debug.xcconfig */,
				CAA7A00C7D8583537EA10CC8 /* Pods-ImageFinder_MVC.release.xcconfig */,
			);
			path = Pods;
			sourceTree = "<group>";
		};
		ACCA0DE28F4E10D5E912B344 /* Frameworks */ = {
			isa = PBXGroup;
			children = (
				B9A90EEB7104EF6A0AC87EB5 /* Pods_ImageFinder_MVC.framework */,
			);
			name = Frameworks;
			sourceTree = "<group>";
		};
		BC25C034267A049700725E29 = {
			isa = PBXGroup;
			children = (
				BC25C03F267A049700725E29 /* ImageFinder_MVC */,
				BC25C03E267A049700725E29 /* Products */,
				497BFC9B77159EFF1793B94B /* Pods */,
				ACCA0DE28F4E10D5E912B344 /* Frameworks */,
			);
			sourceTree = "<group>";
		};
		BC25C03E267A049700725E29 /* Products */ = {
			isa = PBXGroup;
			children = (
				BC25C03D267A049700725E29 /* ImageFinder_MVC.app */,
			);
			name = Products;
			sourceTree = "<group>";
		};
		BC25C03F267A049700725E29 /* ImageFinder_MVC */ = {
			isa = PBXGroup;
			children = (
				BC9AB214267E350B00A532BD /* View */,
				BCB1BD23267CE090008607A9 /* API */,
				BC25C040267A049700725E29 /* AppDelegate.swift */,
				BC25C042267A049700725E29 /* SceneDelegate.swift */,
				BC25C049267A049900725E29 /* Assets.xcassets */,
				BC25C04B267A049900725E29 /* LaunchScreen.storyboard */,
				BC25C04E267A049900725E29 /* Info.plist */,
				BCC25B43267B95B000BE00C4 /* Extension.swift */,
			);
			path = ImageFinder_MVC;
			sourceTree = "<group>";
		};
		BC9AB214267E350B00A532BD /* View */ = {
			isa = PBXGroup;
			children = (
				BC25C044267A049700725E29 /* FeedViewController.swift */,
				BCC25B4A267B9C6E00BE00C4 /* LikedViewController.swift */,
				BCC25B46267B96BC00BE00C4 /* TabBarController.swift */,
			);
			path = View;
			sourceTree = "<group>";
		};
		BCB1BD23267CE090008607A9 /* API */ = {
			isa = PBXGroup;
			children = (
				BCB1BD24267CE0AA008607A9 /* UnsplashPhotoPickerConfiguration.swift */,
				BCB1BD28267CE3F6008607A9 /* ImageCache.swift */,
			);
			path = API;
			sourceTree = "<group>";
		};
/* End PBXGroup section */

/* Begin PBXNativeTarget section */
		BC25C03C267A049700725E29 /* ImageFinder_MVC */ = {
			isa = PBXNativeTarget;
			buildConfigurationList = BC25C051267A049900725E29 /* Build configuration list for PBXNativeTarget "ImageFinder_MVC" */;
			buildPhases = (
				E42E6EDAD0313904BCB6C129 /* [CP] Check Pods Manifest.lock */,
				BC25C039267A049700725E29 /* Sources */,
				BC25C03A267A049700725E29 /* Frameworks */,
				BC25C03B267A049700725E29 /* Resources */,
				D9F053AD8633A4434D340526 /* [CP] Embed Pods Frameworks */,
			);
			buildRules = (
			);
			dependencies = (
			);
			name = ImageFinder_MVC;
			productName = ImageFinder_MVC;
			productReference = BC25C03D267A049700725E29 /* ImageFinder_MVC.app */;
			productType = "com.apple.product-type.application";
		};
/* End PBXNativeTarget section */

/* Begin PBXProject section */
		BC25C035267A049700725E29 /* Project object */ = {
			isa = PBXProject;
			attributes = {
				LastSwiftUpdateCheck = 1240;
				LastUpgradeCheck = 1240;
				TargetAttributes = {
					BC25C03C267A049700725E29 = {
						CreatedOnToolsVersion = 12.4;
					};
				};
			};
			buildConfigurationList = BC25C038267A049700725E29 /* Build configuration list for PBXProject "ImageFinder_MVC" */;
			compatibilityVersion = "Xcode 9.3";
			developmentRegion = en;
			hasScannedForEncodings = 0;
			knownRegions = (
				en,
				Base,
			);
			mainGroup = BC25C034267A049700725E29;
			productRefGroup = BC25C03E267A049700725E29 /* Products */;
			projectDirPath = "";
			projectRoot = "";
			targets = (
				BC25C03C267A049700725E29 /* ImageFinder_MVC */,
			);
		};
/* End PBXProject section */

/* Begin PBXResourcesBuildPhase section */
		BC25C03B267A049700725E29 /* Resources */ = {
			isa = PBXResourcesBuildPhase;
			buildActionMask = 2147483647;
			files = (
				BC25C04D267A049900725E29 /* LaunchScreen.storyboard in Resources */,
				BC25C04A267A049900725E29 /* Assets.xcassets in Resources */,
			);
			runOnlyForDeploymentPostprocessing = 0;
		};
/* End PBXResourcesBuildPhase section */

/* Begin PBXShellScriptBuildPhase section */
		D9F053AD8633A4434D340526 /* [CP] Embed Pods Frameworks */ = {
			isa = PBXShellScriptBuildPhase;
			buildActionMask = 2147483647;
			files = (
			);
			inputFileListPaths = (
				"${PODS_ROOT}/Target Support Files/Pods-ImageFinder_MVC/Pods-ImageFinder_MVC-frameworks-${CONFIGURATION}-input-files.xcfilelist",
			);
			name = "[CP] Embed Pods Frameworks";
			outputFileListPaths = (
				"${PODS_ROOT}/Target Support Files/Pods-ImageFinder_MVC/Pods-ImageFinder_MVC-frameworks-${CONFIGURATION}-output-files.xcfilelist",
			);
			runOnlyForDeploymentPostprocessing = 0;
			shellPath = /bin/sh;
			shellScript = "\"${PODS_ROOT}/Target Support Files/Pods-ImageFinder_MVC/Pods-ImageFinder_MVC-frameworks.sh\"\n";
			showEnvVarsInLog = 0;
		};
		E42E6EDAD0313904BCB6C129 /* [CP] Check Pods Manifest.lock */ = {
			isa = PBXShellScriptBuildPhase;
			buildActionMask = 2147483647;
			files = (
			);
			inputFileListPaths = (
			);
			inputPaths = (
				"${PODS_PODFILE_DIR_PATH}/Podfile.lock",
				"${PODS_ROOT}/Manifest.lock",
			);
			name = "[CP] Check Pods Manifest.lock";
			outputFileListPaths = (
			);
			outputPaths = (
				"$(DERIVED_FILE_DIR)/Pods-ImageFinder_MVC-checkManifestLockResult.txt",
			);
			runOnlyForDeploymentPostprocessing = 0;
			shellPath = /bin/sh;
			shellScript = "diff \"${PODS_PODFILE_DIR_PATH}/Podfile.lock\" \"${PODS_ROOT}/Manifest.lock\" > /dev/null\nif [ $? != 0 ] ; then\n    # print error to STDERR\n    echo \"error: The sandbox is not in sync with the Podfile.lock. Run 'pod install' or update your CocoaPods installation.\" >&2\n    exit 1\nfi\n# This output is used by Xcode 'outputs' to avoid re-running this script phase.\necho \"SUCCESS\" > \"${SCRIPT_OUTPUT_FILE_0}\"\n";
			showEnvVarsInLog = 0;
		};
/* End PBXShellScriptBuildPhase section */

/* Begin PBXSourcesBuildPhase section */
		BC25C039267A049700725E29 /* Sources */ = {
			isa = PBXSourcesBuildPhase;
			buildActionMask = 2147483647;
			files = (
				BC25C045267A049700725E29 /* FeedViewController.swift in Sources */,
				BC25C041267A049700725E29 /* AppDelegate.swift in Sources */,
				BCB1BD29267CE3F6008607A9 /* ImageCache.swift in Sources */,
				BC25C043267A049700725E29 /* SceneDelegate.swift in Sources */,
				BCC25B47267B96BC00BE00C4 /* TabBarController.swift in Sources */,
				BCC25B4B267B9C6E00BE00C4 /* LikedViewController.swift in Sources */,
				BCB1BD25267CE0AA008607A9 /* UnsplashPhotoPickerConfiguration.swift in Sources */,
				BCC25B44267B95B000BE00C4 /* Extension.swift in Sources */,
			);
			runOnlyForDeploymentPostprocessing = 0;
		};
/* End PBXSourcesBuildPhase section */

/* Begin PBXVariantGroup section */
		BC25C04B267A049900725E29 /* LaunchScreen.storyboard */ = {
			isa = PBXVariantGroup;
			children = (
				BC25C04C267A049900725E29 /* Base */,
			);
			name = LaunchScreen.storyboard;
			sourceTree = "<group>";
		};
/* End PBXVariantGroup section */

/* Begin XCBuildConfiguration section */
		BC25C04F267A049900725E29 /* Debug */ = {
			isa = XCBuildConfiguration;
			buildSettings = {
				ALWAYS_SEARCH_USER_PATHS = NO;
				CLANG_ANALYZER_NONNULL = YES;
				CLANG_ANALYZER_NUMBER_OBJECT_CONVERSION = YES_AGGRESSIVE;
				CLANG_CXX_LANGUAGE_STANDARD = "gnu++14";
				CLANG_CXX_LIBRARY = "libc++";
				CLANG_ENABLE_MODULES = YES;
				CLANG_ENABLE_OBJC_ARC = YES;
				CLANG_ENABLE_OBJC_WEAK = YES;
				CLANG_WARN_BLOCK_CAPTURE_AUTORELEASING = YES;
				CLANG_WARN_BOOL_CONVERSION = YES;
				CLANG_WARN_COMMA = YES;
				CLANG_WARN_CONSTANT_CONVERSION = YES;
				CLANG_WARN_DEPRECATED_OBJC_IMPLEMENTATIONS = YES;
				CLANG_WARN_DIRECT_OBJC_ISA_USAGE = YES_ERROR;
				CLANG_WARN_DOCUMENTATION_COMMENTS = YES;
				CLANG_WARN_EMPTY_BODY = YES;
				CLANG_WARN_ENUM_CONVERSION = YES;
				CLANG_WARN_INFINITE_RECURSION = YES;
				CLANG_WARN_INT_CONVERSION = YES;
				CLANG_WARN_NON_LITERAL_NULL_CONVERSION = YES;
				CLANG_WARN_OBJC_IMPLICIT_RETAIN_SELF = YES;
				CLANG_WARN_OBJC_LITERAL_CONVERSION = YES;
				CLANG_WARN_OBJC_ROOT_CLASS = YES_ERROR;
				CLANG_WARN_QUOTED_INCLUDE_IN_FRAMEWORK_HEADER = YES;
				CLANG_WARN_RANGE_LOOP_ANALYSIS = YES;
				CLANG_WARN_STRICT_PROTOTYPES = YES;
				CLANG_WARN_SUSPICIOUS_MOVE = YES;
				CLANG_WARN_UNGUARDED_AVAILABILITY = YES_AGGRESSIVE;
				CLANG_WARN_UNREACHABLE_CODE = YES;
				CLANG_WARN__DUPLICATE_METHOD_MATCH = YES;
				COPY_PHASE_STRIP = NO;
				DEBUG_INFORMATION_FORMAT = dwarf;
				ENABLE_STRICT_OBJC_MSGSEND = YES;
				ENABLE_TESTABILITY = YES;
				GCC_C_LANGUAGE_STANDARD = gnu11;
				GCC_DYNAMIC_NO_PIC = NO;
				GCC_NO_COMMON_BLOCKS = YES;
				GCC_OPTIMIZATION_LEVEL = 0;
				GCC_PREPROCESSOR_DEFINITIONS = (
					"DEBUG=1",
					"$(inherited)",
				);
				GCC_WARN_64_TO_32_BIT_CONVERSION = YES;
				GCC_WARN_ABOUT_RETURN_TYPE = YES_ERROR;
				GCC_WARN_UNDECLARED_SELECTOR = YES;
				GCC_WARN_UNINITIALIZED_AUTOS = YES_AGGRESSIVE;
				GCC_WARN_UNUSED_FUNCTION = YES;
				GCC_WARN_UNUSED_VARIABLE = YES;
				IPHONEOS_DEPLOYMENT_TARGET = 14.4;
				MTL_ENABLE_DEBUG_INFO = INCLUDE_SOURCE;
				MTL_FAST_MATH = YES;
				ONLY_ACTIVE_ARCH = YES;
				SDKROOT = iphoneos;
				SWIFT_ACTIVE_COMPILATION_CONDITIONS = DEBUG;
				SWIFT_OPTIMIZATION_LEVEL = "-Onone";
			};
			name = Debug;
		};
		BC25C050267A049900725E29 /* Release */ = {
			isa = XCBuildConfiguration;
			buildSettings = {
				ALWAYS_SEARCH_USER_PATHS = NO;
				CLANG_ANALYZER_NONNULL = YES;
				CLANG_ANALYZER_NUMBER_OBJECT_CONVERSION = YES_AGGRESSIVE;
				CLANG_CXX_LANGUAGE_STANDARD = "gnu++14";
				CLANG_CXX_LIBRARY = "libc++";
				CLANG_ENABLE_MODULES = YES;
				CLANG_ENABLE_OBJC_ARC = YES;
				CLANG_ENABLE_OBJC_WEAK = YES;
				CLANG_WARN_BLOCK_CAPTURE_AUTORELEASING = YES;
				CLANG_WARN_BOOL_CONVERSION = YES;
				CLANG_WARN_COMMA = YES;
				CLANG_WARN_CONSTANT_CONVERSION = YES;
				CLANG_WARN_DEPRECATED_OBJC_IMPLEMENTATIONS = YES;
				CLANG_WARN_DIRECT_OBJC_ISA_USAGE = YES_ERROR;
				CLANG_WARN_DOCUMENTATION_COMMENTS = YES;
				CLANG_WARN_EMPTY_BODY = YES;
				CLANG_WARN_ENUM_CONVERSION = YES;
				CLANG_WARN_INFINITE_RECURSION = YES;
				CLANG_WARN_INT_CONVERSION = YES;
				CLANG_WARN_NON_LITERAL_NULL_CONVERSION = YES;
				CLANG_WARN_OBJC_IMPLICIT_RETAIN_SELF = YES;
				CLANG_WARN_OBJC_LITERAL_CONVERSION = YES;
				CLANG_WARN_OBJC_ROOT_CLASS = YES_ERROR;
				CLANG_WARN_QUOTED_INCLUDE_IN_FRAMEWORK_HEADER = YES;
				CLANG_WARN_RANGE_LOOP_ANALYSIS = YES;
				CLANG_WARN_STRICT_PROTOTYPES = YES;
				CLANG_WARN_SUSPICIOUS_MOVE = YES;
				CLANG_WARN_UNGUARDED_AVAILABILITY = YES_AGGRESSIVE;
				CLANG_WARN_UNREACHABLE_CODE = YES;
				CLANG_WARN__DUPLICATE_METHOD_MATCH = YES;
				COPY_PHASE_STRIP = NO;
				DEBUG_INFORMATION_FORMAT = "dwarf-with-dsym";
				ENABLE_NS_ASSERTIONS = NO;
				ENABLE_STRICT_OBJC_MSGSEND = YES;
				GCC_C_LANGUAGE_STANDARD = gnu11;
				GCC_NO_COMMON_BLOCKS = YES;
				GCC_WARN_64_TO_32_BIT_CONVERSION = YES;
				GCC_WARN_ABOUT_RETURN_TYPE = YES_ERROR;
				GCC_WARN_UNDECLARED_SELECTOR = YES;
				GCC_WARN_UNINITIALIZED_AUTOS = YES_AGGRESSIVE;
				GCC_WARN_UNUSED_FUNCTION = YES;
				GCC_WARN_UNUSED_VARIABLE = YES;
				IPHONEOS_DEPLOYMENT_TARGET = 14.4;
				MTL_ENABLE_DEBUG_INFO = NO;
				MTL_FAST_MATH = YES;
				SDKROOT = iphoneos;
				SWIFT_COMPILATION_MODE = wholemodule;
				SWIFT_OPTIMIZATION_LEVEL = "-O";
				VALIDATE_PRODUCT = YES;
			};
			name = Release;
		};
		BC25C052267A049900725E29 /* Debug */ = {
			isa = XCBuildConfiguration;
			baseConfigurationReference = 6BD64FB63E2D6083B24393E0 /* Pods-ImageFinder_MVC.debug.xcconfig */;
			buildSettings = {
				ASSETCATALOG_COMPILER_APPICON_NAME = AppIcon;
				ASSETCATALOG_COMPILER_GLOBAL_ACCENT_COLOR_NAME = AccentColor;
				CODE_SIGN_STYLE = Automatic;
				DEVELOPMENT_TEAM = UL264WB4Z5;
				INFOPLIST_FILE = ImageFinder_MVC/Info.plist;
				LD_RUNPATH_SEARCH_PATHS = (
					"$(inherited)",
					"@executable_path/Frameworks",
				);
				PRODUCT_BUNDLE_IDENTIFIER = "net.P0tt3r.ImageFinder-MVC";
				PRODUCT_NAME = "$(TARGET_NAME)";
				SWIFT_VERSION = 5.0;
				TARGETED_DEVICE_FAMILY = "1,2";
			};
			name = Debug;
		};
		BC25C053267A049900725E29 /* Release */ = {
			isa = XCBuildConfiguration;
			baseConfigurationReference = CAA7A00C7D8583537EA10CC8 /* Pods-ImageFinder_MVC.release.xcconfig */;
			buildSettings = {
				ASSETCATALOG_COMPILER_APPICON_NAME = AppIcon;
				ASSETCATALOG_COMPILER_GLOBAL_ACCENT_COLOR_NAME = AccentColor;
				CODE_SIGN_STYLE = Automatic;
				DEVELOPMENT_TEAM = UL264WB4Z5;
				INFOPLIST_FILE = ImageFinder_MVC/Info.plist;
				LD_RUNPATH_SEARCH_PATHS = (
					"$(inherited)",
					"@executable_path/Frameworks",
				);
				PRODUCT_BUNDLE_IDENTIFIER = "net.P0tt3r.ImageFinder-MVC";
				PRODUCT_NAME = "$(TARGET_NAME)";
				SWIFT_VERSION = 5.0;
				TARGETED_DEVICE_FAMILY = "1,2";
			};
			name = Release;
		};
/* End XCBuildConfiguration section */

/* Begin XCConfigurationList section */
		BC25C038267A049700725E29 /* Build configuration list for PBXProject "ImageFinder_MVC" */ = {
			isa = XCConfigurationList;
			buildConfigurations = (
				BC25C04F267A049900725E29 /* Debug */,
				BC25C050267A049900725E29 /* Release */,
			);
			defaultConfigurationIsVisible = 0;
			defaultConfigurationName = Release;
		};
		BC25C051267A049900725E29 /* Build configuration list for PBXNativeTarget "ImageFinder_MVC" */ = {
			isa = XCConfigurationList;
			buildConfigurations = (
				BC25C052267A049900725E29 /* Debug */,
				BC25C053267A049900725E29 /* Release */,
			);
			defaultConfigurationIsVisible = 0;
			defaultConfigurationName = Release;
		};
/* End XCConfigurationList section */
	};
	rootObject = BC25C035267A049700725E29 /* Project object */;
}
